
Microsoft Visual Studio Solution File, Format Version 12.00
# Visual Studio Version 16
VisualStudioVersion = 16.0.33423.256
MinimumVisualStudioVersion = 10.0.40219.1
Project("{FAE04EC0-301F-11D3-BF4B-00C04F79EFBC}") = "challenge 1", "challenge 1\challenge 1.csproj", "{206ABAF3-E781-42C7-96C9-AEF18D636923}"
EndProject
Global
	GlobalSection(SolutionConfigurationPlatforms) = preSolution
		Debug|Any CPU = Debug|Any CPU
		Release|Any CPU = Release|Any CPU
	EndGlobalSection
	GlobalSection(ProjectConfigurationPlatforms) = postSolution
		{206ABAF3-E781-42C7-96C9-AEF18D636923}.Debug|Any CPU.ActiveCfg = Debug|Any CPU
		{206ABAF3-E781-42C7-96C9-AEF18D636923}.Debug|Any CPU.Build.0 = Debug|Any CPU
		{206ABAF3-E781-42C7-96C9-AEF18D636923}.Release|Any CPU.ActiveCfg = Release|Any CPU
		{206ABAF3-E781-42C7-96C9-AEF18D636923}.Release|Any CPU.Build.0 = Release|Any CPU
	EndGlobalSection
	GlobalSection(SolutionProperties) = preSolution
		HideSolutionNode = FALSE
	EndGlobalSection
	GlobalSection(ExtensibilityGlobals) = postSolution
		SolutionGuid = {7AB4BA8E-C9B6-4FB9-994B-172224F0F9FC}
	EndGlobalSection
EndGlobal
